
Microsoft Visual Studio Solution File, Format Version 12.00
# Visual Studio Version 17
VisualStudioVersion = 17.5.002.0
MinimumVisualStudioVersion = 10.0.40219.1
Project("{2150E333-8FDC-42A3-9474-1A3956D46DE8}") = "01-getting-started", "01-getting-started", "{61BB8B9E-ABDB-45C6-B53B-B559811E3E73}"
EndProject
Project("{2150E333-8FDC-42A3-9474-1A3956D46DE8}") = "C-Sharp", "C-Sharp", "{2F64E217-93BF-485D-BE2C-E33E2CC16A9D}"
EndProject
Project("{9A19103F-16F7-4668-BE54-9A1E7A4F7556}") = "rest_client", "01-getting-started\C-Sharp\rest-client\rest_client.csproj", "{3D6C3CF6-EDB3-47A7-BE62-98F61F9107FA}"
EndProject
Project("{9A19103F-16F7-4668-BE54-9A1E7A4F7556}") = "sdk-client", "01-getting-started\C-Sharp\sdk-client\sdk-client.csproj", "{43FC2FAB-C724-480F-8532-2FDFBAE3B0D6}"
EndProject
Project("{2150E333-8FDC-42A3-9474-1A3956D46DE8}") = "02-cognitive-security", "02-cognitive-security", "{E7C7F631-BCB4-49EB-977F-880DFD166076}"
EndProject
Project("{2150E333-8FDC-42A3-9474-1A3956D46DE8}") = "C-Sharp", "C-Sharp", "{3B13E571-1722-48BC-8952-2CF9340BF602}"
EndProject
Project("{9A19103F-16F7-4668-BE54-9A1E7A4F7556}") = "keyvault_client", "02-cognitive-security\C-Sharp\keyvault_client\keyvault_client.csproj", "{CDADC482-24E5-49AC-B1BB-0A613CEB0639}"
EndProject
Project("{2150E333-8FDC-42A3-9474-1A3956D46DE8}") = "05-analyze-text", "05-analyze-text", "{68FFD2A1-DD1C-4E43-AED2-4E247532859A}"
EndProject
Project("{2150E333-8FDC-42A3-9474-1A3956D46DE8}") = "C-Sharp", "C-Sharp", "{F2BBBA82-D6B8-4111-ACA6-58CD74DEB78C}"
EndProject
Project("{9A19103F-16F7-4668-BE54-9A1E7A4F7556}") = "text-analysis", "05-analyze-text\C-Sharp\text-analysis\text-analysis.csproj", "{133DD588-A5EF-4E31-AE5F-AEE02646AF30}"
EndProject
Project("{2150E333-8FDC-42A3-9474-1A3956D46DE8}") = "06-translate-text", "06-translate-text", "{3F317902-43E5-4361-A067-8039B2E00BB7}"
EndProject
Project("{2150E333-8FDC-42A3-9474-1A3956D46DE8}") = "C-Sharp", "C-Sharp", "{BD417154-480A-4908-8C72-CB702A4F1294}"
EndProject
Project("{9A19103F-16F7-4668-BE54-9A1E7A4F7556}") = "translate_text", "06-translate-text\C-Sharp\text-translation\translate_text.csproj", "{3045582B-581B-4E72-B6B7-5973976E88B4}"
EndProject
Project("{2150E333-8FDC-42A3-9474-1A3956D46DE8}") = "07-speech", "07-speech", "{293AE9BD-791D-4043-B6D3-3204BDD049B4}"
EndProject
Project("{2150E333-8FDC-42A3-9474-1A3956D46DE8}") = "C-Sharp", "C-Sharp", "{CED0BCEF-648B-41F2-8B14-AE6B8BEDD853}"
EndProject
Project("{9A19103F-16F7-4668-BE54-9A1E7A4F7556}") = "speaking-clock", "07-speech\C-Sharp\speaking-clock\speaking-clock.csproj", "{D210C9B0-A5D8-4CE6-B068-915BB4F4B679}"
EndProject
Project("{2150E333-8FDC-42A3-9474-1A3956D46DE8}") = "08-speech-translation", "08-speech-translation", "{12474E9E-75B5-4AD5-BA42-BF3B1028BFFA}"
EndProject
Project("{2150E333-8FDC-42A3-9474-1A3956D46DE8}") = "C-Sharp", "C-Sharp", "{1C8DAF00-10A5-4458-B664-CF34E6881F83}"
EndProject
Project("{9A19103F-16F7-4668-BE54-9A1E7A4F7556}") = "translator", "08-speech-translation\C-Sharp\translator\translator.csproj", "{DED61B85-EFCA-4A83-B7EE-D47B1CDDD326}"
EndProject
Project("{2150E333-8FDC-42A3-9474-1A3956D46DE8}") = "10b-clu-client-(preview)", "10b-clu-client-(preview)", "{A0153D87-45B4-4D48-A4BB-9350BDBDDDCA}"
EndProject
Project("{2150E333-8FDC-42A3-9474-1A3956D46DE8}") = "C-Sharp", "C-Sharp", "{B3574C90-E7C8-4450-8663-8476CFEAA7A8}"
EndProject
Project("{9A19103F-16F7-4668-BE54-9A1E7A4F7556}") = "clock_client", "10b-clu-client-(preview)\C-Sharp\clock-client\clock_client.csproj", "{DA5CED5B-A10E-49E6-985C-E735AE6856CE}"
EndProject
Project("{2150E333-8FDC-42A3-9474-1A3956D46DE8}") = "11-luis-speech", "11-luis-speech", "{B0E1A167-4717-45A2-B84A-46177EBECFB7}"
EndProject
Project("{2150E333-8FDC-42A3-9474-1A3956D46DE8}") = "C-Sharp", "C-Sharp", "{C5F72EDC-EF04-4BF7-84A9-299ED41147BD}"
EndProject
Project("{9A19103F-16F7-4668-BE54-9A1E7A4F7556}") = "speaking_clock_client", "11-luis-speech\C-Sharp\speaking-clock-client\speaking_clock_client.csproj", "{0522168B-CC35-4AB3-982D-8ECEF7D4EDD8}"
EndProject
Project("{2150E333-8FDC-42A3-9474-1A3956D46DE8}") = "15-computer-vision", "15-computer-vision", "{1280F557-F292-409D-85BE-9880A2630FDC}"
EndProject
Project("{2150E333-8FDC-42A3-9474-1A3956D46DE8}") = "C-Sharp", "C-Sharp", "{5DA402D6-0CAE-4785-B347-4790DBF9C6F2}"
EndProject
Project("{9A19103F-16F7-4668-BE54-9A1E7A4F7556}") = "image-analysis", "15-computer-vision\C-Sharp\image-analysis\image-analysis.csproj", "{0CE6E19F-3215-48A1-B6DC-1B3699ACF2AD}"
EndProject
Project("{2150E333-8FDC-42A3-9474-1A3956D46DE8}") = "17-image-classification", "17-image-classification", "{57893778-D010-4816-BCDA-EFE02037B519}"
EndProject
Project("{2150E333-8FDC-42A3-9474-1A3956D46DE8}") = "C-Sharp", "C-Sharp", "{C76DACD2-E2A5-49FC-A83C-4F6B83746A39}"
EndProject
Project("{9A19103F-16F7-4668-BE54-9A1E7A4F7556}") = "test-classifier", "17-image-classification\C-Sharp\test-classifier\test-classifier.csproj", "{E7DF35F9-9E20-4CBE-AADC-F37B2F41618B}"
EndProject
Project("{9A19103F-16F7-4668-BE54-9A1E7A4F7556}") = "train-classifier", "17-image-classification\C-Sharp\train-classifier\train-classifier.csproj", "{474DF485-0408-4B41-A256-AAE1541BABAD}"
EndProject
Project("{2150E333-8FDC-42A3-9474-1A3956D46DE8}") = "18-object-detection", "18-object-detection", "{567B8E43-B5E4-422A-A8CF-8346B0AB0083}"
EndProject
Project("{2150E333-8FDC-42A3-9474-1A3956D46DE8}") = "C-Sharp", "C-Sharp", "{663CFE77-1A8C-42AF-9D7C-3F67577AAEEB}"
EndProject
Project("{9A19103F-16F7-4668-BE54-9A1E7A4F7556}") = "test-detector", "18-object-detection\C-Sharp\test-detector\test-detector.csproj", "{FA3BA070-9739-489E-B905-2925F81D2866}"
EndProject
Project("{9A19103F-16F7-4668-BE54-9A1E7A4F7556}") = "train-detector", "18-object-detection\C-Sharp\train-detector\train-detector.csproj", "{8E8B0A76-A0DF-426D-AF50-D3DE07C075C2}"
EndProject
Project("{2150E333-8FDC-42A3-9474-1A3956D46DE8}") = "19-face", "19-face", "{1AEB3701-5F36-4EBE-A33D-DE4F9A9F52F8}"
EndProject
Project("{2150E333-8FDC-42A3-9474-1A3956D46DE8}") = "C-Sharp", "C-Sharp", "{AAA5784E-27C7-4BCD-B926-FBF6EC908C75}"
EndProject
Project("{9A19103F-16F7-4668-BE54-9A1E7A4F7556}") = "detect-faces", "19-face\C-Sharp\computer-vision\detect-faces.csproj", "{1A78B9B8-804C-4F64-88D8-1A8BD3C54F99}"
EndProject
Project("{9A19103F-16F7-4668-BE54-9A1E7A4F7556}") = "analyze-faces", "19-face\C-Sharp\face-api\analyze-faces.csproj", "{C476FB7C-3246-4A76-B1F8-7A01BC0216A5}"
EndProject
Project("{2150E333-8FDC-42A3-9474-1A3956D46DE8}") = "20-ocr", "20-ocr", "{B71F7A64-FEBD-4BE5-9752-84D9E599B780}"
EndProject
Project("{2150E333-8FDC-42A3-9474-1A3956D46DE8}") = "C-Sharp", "C-Sharp", "{14735A47-382C-4C9F-AB11-189D94E2F82F}"
EndProject
Project("{9A19103F-16F7-4668-BE54-9A1E7A4F7556}") = "read-text", "20-ocr\C-Sharp\read-text\read-text.csproj", "{B5F7EA4E-AE03-4A94-BCE7-76B928641882}"
EndProject
Project("{2150E333-8FDC-42A3-9474-1A3956D46DE8}") = "21-custom-form", "21-custom-form", "{87C9997A-0B0B-45B8-80DB-D20C063B19B3}"
EndProject
Project("{2150E333-8FDC-42A3-9474-1A3956D46DE8}") = "C-Sharp", "C-Sharp", "{EA992607-F46F-41C5-BE0F-11658927B6AE}"
EndProject
Project("{9A19103F-16F7-4668-BE54-9A1E7A4F7556}") = "test-model", "21-custom-form\C-Sharp\test-model\test-model.csproj", "{6CBAFC3C-390B-4AD2-82A1-02D278A7F173}"
EndProject
Project("{9A19103F-16F7-4668-BE54-9A1E7A4F7556}") = "train-model", "21-custom-form\C-Sharp\train-model\train-model.csproj", "{3774C283-EF3E-4A8A-83DB-D67567A2D5E0}"
EndProject
Project("{2150E333-8FDC-42A3-9474-1A3956D46DE8}") = "22-Create-a-search-solution", "22-Create-a-search-solution", "{9771DA3C-19CE-41FB-A250-10A7886EB214}"
EndProject
Project("{2150E333-8FDC-42A3-9474-1A3956D46DE8}") = "C-Sharp", "C-Sharp", "{F8BDF057-ED4A-41DF-B184-D4744B8839D2}"
EndProject
Project("{9A19103F-16F7-4668-BE54-9A1E7A4F7556}") = "search-client", "22-Create-a-search-solution\C-Sharp\margies-travel\search-client.csproj", "{CE033B7C-632D-41BE-9D8E-7EDE17EFEBA4}"
EndProject
Global
	GlobalSection(SolutionConfigurationPlatforms) = preSolution
		Debug|Any CPU = Debug|Any CPU
		Release|Any CPU = Release|Any CPU
	EndGlobalSection
	GlobalSection(ProjectConfigurationPlatforms) = postSolution
		{3D6C3CF6-EDB3-47A7-BE62-98F61F9107FA}.Debug|Any CPU.ActiveCfg = Debug|Any CPU
		{3D6C3CF6-EDB3-47A7-BE62-98F61F9107FA}.Debug|Any CPU.Build.0 = Debug|Any CPU
		{3D6C3CF6-EDB3-47A7-BE62-98F61F9107FA}.Release|Any CPU.ActiveCfg = Release|Any CPU
		{3D6C3CF6-EDB3-47A7-BE62-98F61F9107FA}.Release|Any CPU.Build.0 = Release|Any CPU
		{43FC2FAB-C724-480F-8532-2FDFBAE3B0D6}.Debug|Any CPU.ActiveCfg = Debug|Any CPU
		{43FC2FAB-C724-480F-8532-2FDFBAE3B0D6}.Debug|Any CPU.Build.0 = Debug|Any CPU
		{43FC2FAB-C724-480F-8532-2FDFBAE3B0D6}.Release|Any CPU.ActiveCfg = Release|Any CPU
		{43FC2FAB-C724-480F-8532-2FDFBAE3B0D6}.Release|Any CPU.Build.0 = Release|Any CPU
		{CDADC482-24E5-49AC-B1BB-0A613CEB0639}.Debug|Any CPU.ActiveCfg = Debug|Any CPU
		{CDADC482-24E5-49AC-B1BB-0A613CEB0639}.Debug|Any CPU.Build.0 = Debug|Any CPU
		{CDADC482-24E5-49AC-B1BB-0A613CEB0639}.Release|Any CPU.ActiveCfg = Release|Any CPU
		{CDADC482-24E5-49AC-B1BB-0A613CEB0639}.Release|Any CPU.Build.0 = Release|Any CPU
		{133DD588-A5EF-4E31-AE5F-AEE02646AF30}.Debug|Any CPU.ActiveCfg = Debug|Any CPU
		{133DD588-A5EF-4E31-AE5F-AEE02646AF30}.Debug|Any CPU.Build.0 = Debug|Any CPU
		{133DD588-A5EF-4E31-AE5F-AEE02646AF30}.Release|Any CPU.ActiveCfg = Release|Any CPU
		{133DD588-A5EF-4E31-AE5F-AEE02646AF30}.Release|Any CPU.Build.0 = Release|Any CPU
		{3045582B-581B-4E72-B6B7-5973976E88B4}.Debug|Any CPU.ActiveCfg = Debug|Any CPU
		{3045582B-581B-4E72-B6B7-5973976E88B4}.Debug|Any CPU.Build.0 = Debug|Any CPU
		{3045582B-581B-4E72-B6B7-5973976E88B4}.Release|Any CPU.ActiveCfg = Release|Any CPU
		{3045582B-581B-4E72-B6B7-5973976E88B4}.Release|Any CPU.Build.0 = Release|Any CPU
		{D210C9B0-A5D8-4CE6-B068-915BB4F4B679}.Debug|Any CPU.ActiveCfg = Debug|Any CPU
		{D210C9B0-A5D8-4CE6-B068-915BB4F4B679}.Debug|Any CPU.Build.0 = Debug|Any CPU
		{D210C9B0-A5D8-4CE6-B068-915BB4F4B679}.Release|Any CPU.ActiveCfg = Release|Any CPU
		{D210C9B0-A5D8-4CE6-B068-915BB4F4B679}.Release|Any CPU.Build.0 = Release|Any CPU
		{DED61B85-EFCA-4A83-B7EE-D47B1CDDD326}.Debug|Any CPU.ActiveCfg = Debug|Any CPU
		{DED61B85-EFCA-4A83-B7EE-D47B1CDDD326}.Debug|Any CPU.Build.0 = Debug|Any CPU
		{DED61B85-EFCA-4A83-B7EE-D47B1CDDD326}.Release|Any CPU.ActiveCfg = Release|Any CPU
		{DED61B85-EFCA-4A83-B7EE-D47B1CDDD326}.Release|Any CPU.Build.0 = Release|Any CPU
		{DA5CED5B-A10E-49E6-985C-E735AE6856CE}.Debug|Any CPU.ActiveCfg = Debug|Any CPU
		{DA5CED5B-A10E-49E6-985C-E735AE6856CE}.Debug|Any CPU.Build.0 = Debug|Any CPU
		{DA5CED5B-A10E-49E6-985C-E735AE6856CE}.Release|Any CPU.ActiveCfg = Release|Any CPU
		{DA5CED5B-A10E-49E6-985C-E735AE6856CE}.Release|Any CPU.Build.0 = Release|Any CPU
		{0522168B-CC35-4AB3-982D-8ECEF7D4EDD8}.Debug|Any CPU.ActiveCfg = Debug|Any CPU
		{0522168B-CC35-4AB3-982D-8ECEF7D4EDD8}.Debug|Any CPU.Build.0 = Debug|Any CPU
		{0522168B-CC35-4AB3-982D-8ECEF7D4EDD8}.Release|Any CPU.ActiveCfg = Release|Any CPU
		{0522168B-CC35-4AB3-982D-8ECEF7D4EDD8}.Release|Any CPU.Build.0 = Release|Any CPU
		{0CE6E19F-3215-48A1-B6DC-1B3699ACF2AD}.Debug|Any CPU.ActiveCfg = Debug|Any CPU
		{0CE6E19F-3215-48A1-B6DC-1B3699ACF2AD}.Debug|Any CPU.Build.0 = Debug|Any CPU
		{0CE6E19F-3215-48A1-B6DC-1B3699ACF2AD}.Release|Any CPU.ActiveCfg = Release|Any CPU
		{0CE6E19F-3215-48A1-B6DC-1B3699ACF2AD}.Release|Any CPU.Build.0 = Release|Any CPU
		{E7DF35F9-9E20-4CBE-AADC-F37B2F41618B}.Debug|Any CPU.ActiveCfg = Debug|Any CPU
		{E7DF35F9-9E20-4CBE-AADC-F37B2F41618B}.Debug|Any CPU.Build.0 = Debug|Any CPU
		{E7DF35F9-9E20-4CBE-AADC-F37B2F41618B}.Release|Any CPU.ActiveCfg = Release|Any CPU
		{E7DF35F9-9E20-4CBE-AADC-F37B2F41618B}.Release|Any CPU.Build.0 = Release|Any CPU
		{474DF485-0408-4B41-A256-AAE1541BABAD}.Debug|Any CPU.ActiveCfg = Debug|Any CPU
		{474DF485-0408-4B41-A256-AAE1541BABAD}.Debug|Any CPU.Build.0 = Debug|Any CPU
		{474DF485-0408-4B41-A256-AAE1541BABAD}.Release|Any CPU.ActiveCfg = Release|Any CPU
		{474DF485-0408-4B41-A256-AAE1541BABAD}.Release|Any CPU.Build.0 = Release|Any CPU
		{FA3BA070-9739-489E-B905-2925F81D2866}.Debug|Any CPU.ActiveCfg = Debug|Any CPU
		{FA3BA070-9739-489E-B905-2925F81D2866}.Debug|Any CPU.Build.0 = Debug|Any CPU
		{FA3BA070-9739-489E-B905-2925F81D2866}.Release|Any CPU.ActiveCfg = Release|Any CPU
		{FA3BA070-9739-489E-B905-2925F81D2866}.Release|Any CPU.Build.0 = Release|Any CPU
		{8E8B0A76-A0DF-426D-AF50-D3DE07C075C2}.Debug|Any CPU.ActiveCfg = Debug|Any CPU
		{8E8B0A76-A0DF-426D-AF50-D3DE07C075C2}.Debug|Any CPU.Build.0 = Debug|Any CPU
		{8E8B0A76-A0DF-426D-AF50-D3DE07C075C2}.Release|Any CPU.ActiveCfg = Release|Any CPU
		{8E8B0A76-A0DF-426D-AF50-D3DE07C075C2}.Release|Any CPU.Build.0 = Release|Any CPU
		{1A78B9B8-804C-4F64-88D8-1A8BD3C54F99}.Debug|Any CPU.ActiveCfg = Debug|Any CPU
		{1A78B9B8-804C-4F64-88D8-1A8BD3C54F99}.Debug|Any CPU.Build.0 = Debug|Any CPU
		{1A78B9B8-804C-4F64-88D8-1A8BD3C54F99}.Release|Any CPU.ActiveCfg = Release|Any CPU
		{1A78B9B8-804C-4F64-88D8-1A8BD3C54F99}.Release|Any CPU.Build.0 = Release|Any CPU
		{C476FB7C-3246-4A76-B1F8-7A01BC0216A5}.Debug|Any CPU.ActiveCfg = Debug|Any CPU
		{C476FB7C-3246-4A76-B1F8-7A01BC0216A5}.Debug|Any CPU.Build.0 = Debug|Any CPU
		{C476FB7C-3246-4A76-B1F8-7A01BC0216A5}.Release|Any CPU.ActiveCfg = Release|Any CPU
		{C476FB7C-3246-4A76-B1F8-7A01BC0216A5}.Release|Any CPU.Build.0 = Release|Any CPU
		{B5F7EA4E-AE03-4A94-BCE7-76B928641882}.Debug|Any CPU.ActiveCfg = Debug|Any CPU
		{B5F7EA4E-AE03-4A94-BCE7-76B928641882}.Debug|Any CPU.Build.0 = Debug|Any CPU
		{B5F7EA4E-AE03-4A94-BCE7-76B928641882}.Release|Any CPU.ActiveCfg = Release|Any CPU
		{B5F7EA4E-AE03-4A94-BCE7-76B928641882}.Release|Any CPU.Build.0 = Release|Any CPU
		{6CBAFC3C-390B-4AD2-82A1-02D278A7F173}.Debug|Any CPU.ActiveCfg = Debug|Any CPU
		{6CBAFC3C-390B-4AD2-82A1-02D278A7F173}.Debug|Any CPU.Build.0 = Debug|Any CPU
		{6CBAFC3C-390B-4AD2-82A1-02D278A7F173}.Release|Any CPU.ActiveCfg = Release|Any CPU
		{6CBAFC3C-390B-4AD2-82A1-02D278A7F173}.Release|Any CPU.Build.0 = Release|Any CPU
		{3774C283-EF3E-4A8A-83DB-D67567A2D5E0}.Debug|Any CPU.ActiveCfg = Debug|Any CPU
		{3774C283-EF3E-4A8A-83DB-D67567A2D5E0}.Debug|Any CPU.Build.0 = Debug|Any CPU
		{3774C283-EF3E-4A8A-83DB-D67567A2D5E0}.Release|Any CPU.ActiveCfg = Release|Any CPU
		{3774C283-EF3E-4A8A-83DB-D67567A2D5E0}.Release|Any CPU.Build.0 = Release|Any CPU
		{CE033B7C-632D-41BE-9D8E-7EDE17EFEBA4}.Debug|Any CPU.ActiveCfg = Debug|Any CPU
		{CE033B7C-632D-41BE-9D8E-7EDE17EFEBA4}.Debug|Any CPU.Build.0 = Debug|Any CPU
		{CE033B7C-632D-41BE-9D8E-7EDE17EFEBA4}.Release|Any CPU.ActiveCfg = Release|Any CPU
		{CE033B7C-632D-41BE-9D8E-7EDE17EFEBA4}.Release|Any CPU.Build.0 = Release|Any CPU
	EndGlobalSection
	GlobalSection(SolutionProperties) = preSolution
		HideSolutionNode = FALSE
	EndGlobalSection
	GlobalSection(NestedProjects) = preSolution
		{2F64E217-93BF-485D-BE2C-E33E2CC16A9D} = {61BB8B9E-ABDB-45C6-B53B-B559811E3E73}
		{3D6C3CF6-EDB3-47A7-BE62-98F61F9107FA} = {2F64E217-93BF-485D-BE2C-E33E2CC16A9D}
		{43FC2FAB-C724-480F-8532-2FDFBAE3B0D6} = {2F64E217-93BF-485D-BE2C-E33E2CC16A9D}
		{3B13E571-1722-48BC-8952-2CF9340BF602} = {E7C7F631-BCB4-49EB-977F-880DFD166076}
		{CDADC482-24E5-49AC-B1BB-0A613CEB0639} = {3B13E571-1722-48BC-8952-2CF9340BF602}
		{F2BBBA82-D6B8-4111-ACA6-58CD74DEB78C} = {68FFD2A1-DD1C-4E43-AED2-4E247532859A}
		{133DD588-A5EF-4E31-AE5F-AEE02646AF30} = {F2BBBA82-D6B8-4111-ACA6-58CD74DEB78C}
		{BD417154-480A-4908-8C72-CB702A4F1294} = {3F317902-43E5-4361-A067-8039B2E00BB7}
		{3045582B-581B-4E72-B6B7-5973976E88B4} = {BD417154-480A-4908-8C72-CB702A4F1294}
		{CED0BCEF-648B-41F2-8B14-AE6B8BEDD853} = {293AE9BD-791D-4043-B6D3-3204BDD049B4}
		{D210C9B0-A5D8-4CE6-B068-915BB4F4B679} = {CED0BCEF-648B-41F2-8B14-AE6B8BEDD853}
		{1C8DAF00-10A5-4458-B664-CF34E6881F83} = {12474E9E-75B5-4AD5-BA42-BF3B1028BFFA}
		{DED61B85-EFCA-4A83-B7EE-D47B1CDDD326} = {1C8DAF00-10A5-4458-B664-CF34E6881F83}
		{B3574C90-E7C8-4450-8663-8476CFEAA7A8} = {A0153D87-45B4-4D48-A4BB-9350BDBDDDCA}
		{DA5CED5B-A10E-49E6-985C-E735AE6856CE} = {B3574C90-E7C8-4450-8663-8476CFEAA7A8}
		{C5F72EDC-EF04-4BF7-84A9-299ED41147BD} = {B0E1A167-4717-45A2-B84A-46177EBECFB7}
		{0522168B-CC35-4AB3-982D-8ECEF7D4EDD8} = {C5F72EDC-EF04-4BF7-84A9-299ED41147BD}
		{5DA402D6-0CAE-4785-B347-4790DBF9C6F2} = {1280F557-F292-409D-85BE-9880A2630FDC}
		{0CE6E19F-3215-48A1-B6DC-1B3699ACF2AD} = {5DA402D6-0CAE-4785-B347-4790DBF9C6F2}
		{C76DACD2-E2A5-49FC-A83C-4F6B83746A39} = {57893778-D010-4816-BCDA-EFE02037B519}
		{E7DF35F9-9E20-4CBE-AADC-F37B2F41618B} = {C76DACD2-E2A5-49FC-A83C-4F6B83746A39}
		{474DF485-0408-4B41-A256-AAE1541BABAD} = {C76DACD2-E2A5-49FC-A83C-4F6B83746A39}
		{663CFE77-1A8C-42AF-9D7C-3F67577AAEEB} = {567B8E43-B5E4-422A-A8CF-8346B0AB0083}
		{FA3BA070-9739-489E-B905-2925F81D2866} = {663CFE77-1A8C-42AF-9D7C-3F67577AAEEB}
		{8E8B0A76-A0DF-426D-AF50-D3DE07C075C2} = {663CFE77-1A8C-42AF-9D7C-3F67577AAEEB}
		{AAA5784E-27C7-4BCD-B926-FBF6EC908C75} = {1AEB3701-5F36-4EBE-A33D-DE4F9A9F52F8}
		{1A78B9B8-804C-4F64-88D8-1A8BD3C54F99} = {AAA5784E-27C7-4BCD-B926-FBF6EC908C75}
		{C476FB7C-3246-4A76-B1F8-7A01BC0216A5} = {AAA5784E-27C7-4BCD-B926-FBF6EC908C75}
		{14735A47-382C-4C9F-AB11-189D94E2F82F} = {B71F7A64-FEBD-4BE5-9752-84D9E599B780}
		{B5F7EA4E-AE03-4A94-BCE7-76B928641882} = {14735A47-382C-4C9F-AB11-189D94E2F82F}
		{EA992607-F46F-41C5-BE0F-11658927B6AE} = {87C9997A-0B0B-45B8-80DB-D20C063B19B3}
		{6CBAFC3C-390B-4AD2-82A1-02D278A7F173} = {EA992607-F46F-41C5-BE0F-11658927B6AE}
		{3774C283-EF3E-4A8A-83DB-D67567A2D5E0} = {EA992607-F46F-41C5-BE0F-11658927B6AE}
		{F8BDF057-ED4A-41DF-B184-D4744B8839D2} = {9771DA3C-19CE-41FB-A250-10A7886EB214}
		{CE033B7C-632D-41BE-9D8E-7EDE17EFEBA4} = {F8BDF057-ED4A-41DF-B184-D4744B8839D2}
	EndGlobalSection
	GlobalSection(ExtensibilityGlobals) = postSolution
		SolutionGuid = {39C4D582-C4DE-4B3C-BF27-6360996FEEBA}
	EndGlobalSection
EndGlobal
